{
  "name": "sky-vault",
  "version": "1.0.0",
  "lockfileVersion": 3,
  "requires": true,
  "packages": {
    "": {
      "name": "sky-vault",
      "version": "1.0.0",
      "license": "ISC",
      "dependencies": {
        "@dataform/core": "^3.0.34",
        "csv-parse": "^6.1.0"
      }
    },
    "node_modules/@dataform/core": {
      "version": "3.0.34",
      "resolved": "https://registry.npmjs.org/@dataform/core/-/core-3.0.34.tgz",
      "integrity": "sha512-YuWsQ2wLB2BWtBOm8vLIkmpd6Fu2Q1LQuFzzwQ63/lUi3tjm8rlkIOm/qOG5yy9FrT3RlnxGgFa9pbcNUEMVUA==",
      "license": "Apache-2.0"
    },
    "node_modules/csv-parse": {
      "version": "6.1.0",
      "resolved": "https://registry.npmjs.org/csv-parse/-/csv-parse-6.1.0.tgz",
      "integrity": "sha512-CEE+jwpgLn+MmtCpVcPtiCZpVtB6Z2OKPTr34pycYYoL7sxdOkXDdQ4lRiw6ioC0q6BLqhc6cKweCVvral8yhw==",
      "license": "MIT"
    }
  }
}
